
Microsoft Visual Studio Solution File, Format Version 12.00
# Visual Studio Version 17
VisualStudioVersion = 17.13.35919.96 d17.13
MinimumVisualStudioVersion = 10.0.40219.1
Project("{FAE04EC0-301F-11D3-BF4B-00C04F79EFBC}") = "Task10", "Task10\Task10.csproj", "{6093D33F-1DDB-46C2-928B-F8149DAD7742}"
EndProject
Global
	GlobalSection(SolutionConfigurationPlatforms) = preSolution
		Debug|Any CPU = Debug|Any CPU
		Release|Any CPU = Release|Any CPU
	EndGlobalSection
	GlobalSection(ProjectConfigurationPlatforms) = postSolution
		{6093D33F-1DDB-46C2-928B-F8149DAD7742}.Debug|Any CPU.ActiveCfg = Debug|Any CPU
		{6093D33F-1DDB-46C2-928B-F8149DAD7742}.Debug|Any CPU.Build.0 = Debug|Any CPU
		{6093D33F-1DDB-46C2-928B-F8149DAD7742}.Release|Any CPU.ActiveCfg = Release|Any CPU
		{6093D33F-1DDB-46C2-928B-F8149DAD7742}.Release|Any CPU.Build.0 = Release|Any CPU
	EndGlobalSection
	GlobalSection(SolutionProperties) = preSolution
		HideSolutionNode = FALSE
	EndGlobalSection
	GlobalSection(ExtensibilityGlobals) = postSolution
		SolutionGuid = {4950732A-7A1F-4F23-B29A-EEA9031D639B}
	EndGlobalSection
EndGlobal
